
Microsoft Visual Studio Solution File, Format Version 12.00
# Visual Studio Version 16
VisualStudioVersion = 16.0.30907.101
MinimumVisualStudioVersion = 10.0.40219.1
Project("{9A19103F-16F7-4668-BE54-9A1E7A4F7556}") = "KampIntro", "KampIntro\KampIntro.csproj", "{E5B899B9-D715-4AD0-9ABA-D321665B63ED}"
EndProject
Project("{9A19103F-16F7-4668-BE54-9A1E7A4F7556}") = "ClassIntro", "ClassIntro\ClassIntro.csproj", "{F1AEA904-484B-431B-8809-E2EC07F68BF2}"
EndProject
Project("{9A19103F-16F7-4668-BE54-9A1E7A4F7556}") = "Metotlar", "Metotlar\Metotlar.csproj", "{BD49EF54-FAC7-472C-981A-38C98CD35D1B}"
EndProject
Project("{9A19103F-16F7-4668-BE54-9A1E7A4F7556}") = "Matematik", "Matematik\Matematik.csproj", "{35057DC1-0AB7-4083-AF3D-8A704211C4A3}"
EndProject
Project("{9A19103F-16F7-4668-BE54-9A1E7A4F7556}") = "DegerVeReferansTipler", "DegerVeReferansTipler\DegerVeReferansTipler.csproj", "{BF9AF945-7E91-4B7E-B7BD-2DF7013F06E8}"
EndProject
Project("{FAE04EC0-301F-11D3-BF4B-00C04F79EFBC}") = "OOP1", "OOP1\OOP1.csproj", "{C3143C62-D304-45EF-9924-EA249B27BB18}"
EndProject
Project("{FAE04EC0-301F-11D3-BF4B-00C04F79EFBC}") = "Collections", "Collections\Collections.csproj", "{E302B919-8F65-47E1-9DE4-642B12C6893E}"
EndProject
Project("{FAE04EC0-301F-11D3-BF4B-00C04F79EFBC}") = "GenericsIntro", "GenericsIntro\GenericsIntro.csproj", "{CFBC1BD4-2E99-4D5D-8CEC-BBEEBE08973B}"
EndProject
Global
	GlobalSection(SolutionConfigurationPlatforms) = preSolution
		Debug|Any CPU = Debug|Any CPU
		Release|Any CPU = Release|Any CPU
	EndGlobalSection
	GlobalSection(ProjectConfigurationPlatforms) = postSolution
		{E5B899B9-D715-4AD0-9ABA-D321665B63ED}.Debug|Any CPU.ActiveCfg = Debug|Any CPU
		{E5B899B9-D715-4AD0-9ABA-D321665B63ED}.Debug|Any CPU.Build.0 = Debug|Any CPU
		{E5B899B9-D715-4AD0-9ABA-D321665B63ED}.Release|Any CPU.ActiveCfg = Release|Any CPU
		{E5B899B9-D715-4AD0-9ABA-D321665B63ED}.Release|Any CPU.Build.0 = Release|Any CPU
		{F1AEA904-484B-431B-8809-E2EC07F68BF2}.Debug|Any CPU.ActiveCfg = Debug|Any CPU
		{F1AEA904-484B-431B-8809-E2EC07F68BF2}.Debug|Any CPU.Build.0 = Debug|Any CPU
		{F1AEA904-484B-431B-8809-E2EC07F68BF2}.Release|Any CPU.ActiveCfg = Release|Any CPU
		{F1AEA904-484B-431B-8809-E2EC07F68BF2}.Release|Any CPU.Build.0 = Release|Any CPU
		{BD49EF54-FAC7-472C-981A-38C98CD35D1B}.Debug|Any CPU.ActiveCfg = Debug|Any CPU
		{BD49EF54-FAC7-472C-981A-38C98CD35D1B}.Debug|Any CPU.Build.0 = Debug|Any CPU
		{BD49EF54-FAC7-472C-981A-38C98CD35D1B}.Release|Any CPU.ActiveCfg = Release|Any CPU
		{BD49EF54-FAC7-472C-981A-38C98CD35D1B}.Release|Any CPU.Build.0 = Release|Any CPU
		{35057DC1-0AB7-4083-AF3D-8A704211C4A3}.Debug|Any CPU.ActiveCfg = Debug|Any CPU
		{35057DC1-0AB7-4083-AF3D-8A704211C4A3}.Debug|Any CPU.Build.0 = Debug|Any CPU
		{35057DC1-0AB7-4083-AF3D-8A704211C4A3}.Release|Any CPU.ActiveCfg = Release|Any CPU
		{35057DC1-0AB7-4083-AF3D-8A704211C4A3}.Release|Any CPU.Build.0 = Release|Any CPU
		{BF9AF945-7E91-4B7E-B7BD-2DF7013F06E8}.Debug|Any CPU.ActiveCfg = Debug|Any CPU
		{BF9AF945-7E91-4B7E-B7BD-2DF7013F06E8}.Debug|Any CPU.Build.0 = Debug|Any CPU
		{BF9AF945-7E91-4B7E-B7BD-2DF7013F06E8}.Release|Any CPU.ActiveCfg = Release|Any CPU
		{BF9AF945-7E91-4B7E-B7BD-2DF7013F06E8}.Release|Any CPU.Build.0 = Release|Any CPU
		{C3143C62-D304-45EF-9924-EA249B27BB18}.Debug|Any CPU.ActiveCfg = Debug|Any CPU
		{C3143C62-D304-45EF-9924-EA249B27BB18}.Debug|Any CPU.Build.0 = Debug|Any CPU
		{C3143C62-D304-45EF-9924-EA249B27BB18}.Release|Any CPU.ActiveCfg = Release|Any CPU
		{C3143C62-D304-45EF-9924-EA249B27BB18}.Release|Any CPU.Build.0 = Release|Any CPU
		{E302B919-8F65-47E1-9DE4-642B12C6893E}.Debug|Any CPU.ActiveCfg = Debug|Any CPU
		{E302B919-8F65-47E1-9DE4-642B12C6893E}.Debug|Any CPU.Build.0 = Debug|Any CPU
		{E302B919-8F65-47E1-9DE4-642B12C6893E}.Release|Any CPU.ActiveCfg = Release|Any CPU
		{E302B919-8F65-47E1-9DE4-642B12C6893E}.Release|Any CPU.Build.0 = Release|Any CPU
		{CFBC1BD4-2E99-4D5D-8CEC-BBEEBE08973B}.Debug|Any CPU.ActiveCfg = Debug|Any CPU
		{CFBC1BD4-2E99-4D5D-8CEC-BBEEBE08973B}.Debug|Any CPU.Build.0 = Debug|Any CPU
		{CFBC1BD4-2E99-4D5D-8CEC-BBEEBE08973B}.Release|Any CPU.ActiveCfg = Release|Any CPU
		{CFBC1BD4-2E99-4D5D-8CEC-BBEEBE08973B}.Release|Any CPU.Build.0 = Release|Any CPU
	EndGlobalSection
	GlobalSection(SolutionProperties) = preSolution
		HideSolutionNode = FALSE
	EndGlobalSection
	GlobalSection(ExtensibilityGlobals) = postSolution
		SolutionGuid = {F55FC760-E7CE-4502-AF2F-91EA578291E5}
	EndGlobalSection
EndGlobal
